
Microsoft Visual Studio Solution File, Format Version 12.00
# Visual Studio 15
Project("{FAE04EC0-301F-11D3-BF4B-00C04F79EFBC}") = "AE3", "Assembly-CSharp.csproj", "{811D0F06-A06B-AA5B-5C26-7A1508789EB9}"
EndProject
Global
	GlobalSection(SolutionConfigurationPlatforms) = preSolution
		Debug|Any CPU = Debug|Any CPU
		Release|Any CPU = Release|Any CPU
	EndGlobalSection
	GlobalSection(ProjectConfigurationPlatforms) = postSolution
		{811D0F06-A06B-AA5B-5C26-7A1508789EB9}.Debug|Any CPU.ActiveCfg = Debug|Any CPU
		{811D0F06-A06B-AA5B-5C26-7A1508789EB9}.Debug|Any CPU.Build.0 = Debug|Any CPU
		{811D0F06-A06B-AA5B-5C26-7A1508789EB9}.Release|Any CPU.ActiveCfg = Release|Any CPU
		{811D0F06-A06B-AA5B-5C26-7A1508789EB9}.Release|Any CPU.Build.0 = Release|Any CPU
	EndGlobalSection
	GlobalSection(SolutionProperties) = preSolution
		HideSolutionNode = FALSE
	EndGlobalSection
EndGlobal
